dependencies:
  espressif/mpu6050:
    component_hash: 3370b55e3c1337c0a80c8cd833bf48c0ba61cf9f7d226856ae88abb61eba1d67
    dependencies:
    - name: idf
      require: private
      version: '>=4.0'
    source:
      registry_url: https://components.espressif.com/
      type: service
    version: 1.2.1
  idf:
    source:
      type: idf
    version: 5.5.2
  protocol_examples_common:
    dependencies: []
    source:
      path: /Users/chauminh/.espressif/v5.5.2/esp-idf/examples/common_components/protocol_examples_common
      type: local
    version: '*'
direct_dependencies:
- espressif/mpu6050
- idf
- protocol_examples_common
manifest_hash: d4936ce3f749cd10c8b1953de9195182fd30da1103451013c59c4ea9de8e743e
target: esp32
version: 2.0.0
